
Microsoft Visual Studio Solution File, Format Version 12.00
# Visual Studio Version 16
VisualStudioVersion = 16.0.29020.237
MinimumVisualStudioVersion = 10.0.40219.1
Project("{FAE04EC0-301F-11D3-BF4B-00C04F79EFBC}") = "Downloader", "Downloader\Downloader.csproj", "{874630E8-85CD-4011-A42A-5217E68317CA}"
EndProject
Global
	GlobalSection(SolutionConfigurationPlatforms) = preSolution
		Debug|Any CPU = Debug|Any CPU
		Release|Any CPU = Release|Any CPU
	EndGlobalSection
	GlobalSection(ProjectConfigurationPlatforms) = postSolution
		{874630E8-85CD-4011-A42A-5217E68317CA}.Debug|Any CPU.ActiveCfg = Debug|Any CPU
		{874630E8-85CD-4011-A42A-5217E68317CA}.Debug|Any CPU.Build.0 = Debug|Any CPU
		{874630E8-85CD-4011-A42A-5217E68317CA}.Release|Any CPU.ActiveCfg = Release|Any CPU
		{874630E8-85CD-4011-A42A-5217E68317CA}.Release|Any CPU.Build.0 = Release|Any CPU
	EndGlobalSection
	GlobalSection(SolutionProperties) = preSolution
		HideSolutionNode = FALSE
	EndGlobalSection
	GlobalSection(ExtensibilityGlobals) = postSolution
		SolutionGuid = {444006E6-9D00-4D61-B36D-EE6800B7CB5B}
	EndGlobalSection
EndGlobal
